
Microsoft Visual Studio Solution File, Format Version 12.00
# Visual Studio Version 17
VisualStudioVersion = 17.0.31903.59
MinimumVisualStudioVersion = 10.0.40219.1
Project("{2150E333-8FDC-42A3-9474-1A3956D46DE8}") = "src", "src", "{827E0CD3-B72D-47B6-A68D-7590B98EB39B}"
EndProject
Project("{FAE04EC0-301F-11D3-BF4B-00C04F79EFBC}") = "RangeOps.Domain", "src\RangeOps.Domain\RangeOps.Domain.csproj", "{D1BC0FC0-0090-47D2-86C9-F10F20BEF02D}"
EndProject
Project("{FAE04EC0-301F-11D3-BF4B-00C04F79EFBC}") = "RangeOps.Application", "src\RangeOps.Application\RangeOps.Application.csproj", "{09F3F052-B1A9-4AB3-8757-DF201F48A3B1}"
EndProject
Project("{FAE04EC0-301F-11D3-BF4B-00C04F79EFBC}") = "RangeOps.Infrastructure", "src\RangeOps.Infrastructure\RangeOps.Infrastructure.csproj", "{BB54D0F4-62E3-4069-8C2C-7354068D8B82}"
EndProject
Project("{FAE04EC0-301F-11D3-BF4B-00C04F79EFBC}") = "RangeOps.Api", "src\RangeOps.Api\RangeOps.Api.csproj", "{66BC9C74-B1E3-4741-9F15-62735B802CFD}"
EndProject
Project("{2150E333-8FDC-42A3-9474-1A3956D46DE8}") = "tests", "tests", "{0AB3BF05-4346-4AA6-1389-037BE0695223}"
EndProject
Project("{FAE04EC0-301F-11D3-BF4B-00C04F79EFBC}") = "RangeOps.UnitTests", "tests\RangeOps.UnitTests\RangeOps.UnitTests.csproj", "{FBD5295B-57FC-46FC-8C62-9E19786464CB}"
EndProject
Project("{FAE04EC0-301F-11D3-BF4B-00C04F79EFBC}") = "RangeOps.IntegrationTests", "tests\RangeOps.IntegrationTests\RangeOps.IntegrationTests.csproj", "{B8A9DFF3-780D-4979-A343-DE488DCF700F}"
EndProject
Global
	GlobalSection(SolutionConfigurationPlatforms) = preSolution
		Debug|Any CPU = Debug|Any CPU
		Debug|x64 = Debug|x64
		Debug|x86 = Debug|x86
		Release|Any CPU = Release|Any CPU
		Release|x64 = Release|x64
		Release|x86 = Release|x86
	EndGlobalSection
	GlobalSection(ProjectConfigurationPlatforms) = postSolution
		{D1BC0FC0-0090-47D2-86C9-F10F20BEF02D}.Debug|Any CPU.ActiveCfg = Debug|Any CPU
		{D1BC0FC0-0090-47D2-86C9-F10F20BEF02D}.Debug|Any CPU.Build.0 = Debug|Any CPU
		{D1BC0FC0-0090-47D2-86C9-F10F20BEF02D}.Debug|x64.ActiveCfg = Debug|Any CPU
		{D1BC0FC0-0090-47D2-86C9-F10F20BEF02D}.Debug|x64.Build.0 = Debug|Any CPU
		{D1BC0FC0-0090-47D2-86C9-F10F20BEF02D}.Debug|x86.ActiveCfg = Debug|Any CPU
		{D1BC0FC0-0090-47D2-86C9-F10F20BEF02D}.Debug|x86.Build.0 = Debug|Any CPU
		{D1BC0FC0-0090-47D2-86C9-F10F20BEF02D}.Release|Any CPU.ActiveCfg = Release|Any CPU
		{D1BC0FC0-0090-47D2-86C9-F10F20BEF02D}.Release|Any CPU.Build.0 = Release|Any CPU
		{D1BC0FC0-0090-47D2-86C9-F10F20BEF02D}.Release|x64.ActiveCfg = Release|Any CPU
		{D1BC0FC0-0090-47D2-86C9-F10F20BEF02D}.Release|x64.Build.0 = Release|Any CPU
		{D1BC0FC0-0090-47D2-86C9-F10F20BEF02D}.Release|x86.ActiveCfg = Release|Any CPU
		{D1BC0FC0-0090-47D2-86C9-F10F20BEF02D}.Release|x86.Build.0 = Release|Any CPU
		{09F3F052-B1A9-4AB3-8757-DF201F48A3B1}.Debug|Any CPU.ActiveCfg = Debug|Any CPU
		{09F3F052-B1A9-4AB3-8757-DF201F48A3B1}.Debug|Any CPU.Build.0 = Debug|Any CPU
		{09F3F052-B1A9-4AB3-8757-DF201F48A3B1}.Debug|x64.ActiveCfg = Debug|Any CPU
		{09F3F052-B1A9-4AB3-8757-DF201F48A3B1}.Debug|x64.Build.0 = Debug|Any CPU
		{09F3F052-B1A9-4AB3-8757-DF201F48A3B1}.Debug|x86.ActiveCfg = Debug|Any CPU
		{09F3F052-B1A9-4AB3-8757-DF201F48A3B1}.Debug|x86.Build.0 = Debug|Any CPU
		{09F3F052-B1A9-4AB3-8757-DF201F48A3B1}.Release|Any CPU.ActiveCfg = Release|Any CPU
		{09F3F052-B1A9-4AB3-8757-DF201F48A3B1}.Release|Any CPU.Build.0 = Release|Any CPU
		{09F3F052-B1A9-4AB3-8757-DF201F48A3B1}.Release|x64.ActiveCfg = Release|Any CPU
		{09F3F052-B1A9-4AB3-8757-DF201F48A3B1}.Release|x64.Build.0 = Release|Any CPU
		{09F3F052-B1A9-4AB3-8757-DF201F48A3B1}.Release|x86.ActiveCfg = Release|Any CPU
		{09F3F052-B1A9-4AB3-8757-DF201F48A3B1}.Release|x86.Build.0 = Release|Any CPU
		{BB54D0F4-62E3-4069-8C2C-7354068D8B82}.Debug|Any CPU.ActiveCfg = Debug|Any CPU
		{BB54D0F4-62E3-4069-8C2C-7354068D8B82}.Debug|Any CPU.Build.0 = Debug|Any CPU
		{BB54D0F4-62E3-4069-8C2C-7354068D8B82}.Debug|x64.ActiveCfg = Debug|Any CPU
		{BB54D0F4-62E3-4069-8C2C-7354068D8B82}.Debug|x64.Build.0 = Debug|Any CPU
		{BB54D0F4-62E3-4069-8C2C-7354068D8B82}.Debug|x86.ActiveCfg = Debug|Any CPU
		{BB54D0F4-62E3-4069-8C2C-7354068D8B82}.Debug|x86.Build.0 = Debug|Any CPU
		{BB54D0F4-62E3-4069-8C2C-7354068D8B82}.Release|Any CPU.ActiveCfg = Release|Any CPU
		{BB54D0F4-62E3-4069-8C2C-7354068D8B82}.Release|Any CPU.Build.0 = Release|Any CPU
		{BB54D0F4-62E3-4069-8C2C-7354068D8B82}.Release|x64.ActiveCfg = Release|Any CPU
		{BB54D0F4-62E3-4069-8C2C-7354068D8B82}.Release|x64.Build.0 = Release|Any CPU
		{BB54D0F4-62E3-4069-8C2C-7354068D8B82}.Release|x86.ActiveCfg = Release|Any CPU
		{BB54D0F4-62E3-4069-8C2C-7354068D8B82}.Release|x86.Build.0 = Release|Any CPU
		{66BC9C74-B1E3-4741-9F15-62735B802CFD}.Debug|Any CPU.ActiveCfg = Debug|Any CPU
		{66BC9C74-B1E3-4741-9F15-62735B802CFD}.Debug|Any CPU.Build.0 = Debug|Any CPU
		{66BC9C74-B1E3-4741-9F15-62735B802CFD}.Debug|x64.ActiveCfg = Debug|Any CPU
		{66BC9C74-B1E3-4741-9F15-62735B802CFD}.Debug|x64.Build.0 = Debug|Any CPU
		{66BC9C74-B1E3-4741-9F15-62735B802CFD}.Debug|x86.ActiveCfg = Debug|Any CPU
		{66BC9C74-B1E3-4741-9F15-62735B802CFD}.Debug|x86.Build.0 = Debug|Any CPU
		{66BC9C74-B1E3-4741-9F15-62735B802CFD}.Release|Any CPU.ActiveCfg = Release|Any CPU
		{66BC9C74-B1E3-4741-9F15-62735B802CFD}.Release|Any CPU.Build.0 = Release|Any CPU
		{66BC9C74-B1E3-4741-9F15-62735B802CFD}.Release|x64.ActiveCfg = Release|Any CPU
		{66BC9C74-B1E3-4741-9F15-62735B802CFD}.Release|x64.Build.0 = Release|Any CPU
		{66BC9C74-B1E3-4741-9F15-62735B802CFD}.Release|x86.ActiveCfg = Release|Any CPU
		{66BC9C74-B1E3-4741-9F15-62735B802CFD}.Release|x86.Build.0 = Release|Any CPU
		{FBD5295B-57FC-46FC-8C62-9E19786464CB}.Debug|Any CPU.ActiveCfg = Debug|Any CPU
		{FBD5295B-57FC-46FC-8C62-9E19786464CB}.Debug|Any CPU.Build.0 = Debug|Any CPU
		{FBD5295B-57FC-46FC-8C62-9E19786464CB}.Debug|x64.ActiveCfg = Debug|Any CPU
		{FBD5295B-57FC-46FC-8C62-9E19786464CB}.Debug|x64.Build.0 = Debug|Any CPU
		{FBD5295B-57FC-46FC-8C62-9E19786464CB}.Debug|x86.ActiveCfg = Debug|Any CPU
		{FBD5295B-57FC-46FC-8C62-9E19786464CB}.Debug|x86.Build.0 = Debug|Any CPU
		{FBD5295B-57FC-46FC-8C62-9E19786464CB}.Release|Any CPU.ActiveCfg = Release|Any CPU
		{FBD5295B-57FC-46FC-8C62-9E19786464CB}.Release|Any CPU.Build.0 = Release|Any CPU
		{FBD5295B-57FC-46FC-8C62-9E19786464CB}.Release|x64.ActiveCfg = Release|Any CPU
		{FBD5295B-57FC-46FC-8C62-9E19786464CB}.Release|x64.Build.0 = Release|Any CPU
		{FBD5295B-57FC-46FC-8C62-9E19786464CB}.Release|x86.ActiveCfg = Release|Any CPU
		{FBD5295B-57FC-46FC-8C62-9E19786464CB}.Release|x86.Build.0 = Release|Any CPU
		{B8A9DFF3-780D-4979-A343-DE488DCF700F}.Debug|Any CPU.ActiveCfg = Debug|Any CPU
		{B8A9DFF3-780D-4979-A343-DE488DCF700F}.Debug|Any CPU.Build.0 = Debug|Any CPU
		{B8A9DFF3-780D-4979-A343-DE488DCF700F}.Debug|x64.ActiveCfg = Debug|Any CPU
		{B8A9DFF3-780D-4979-A343-DE488DCF700F}.Debug|x64.Build.0 = Debug|Any CPU
		{B8A9DFF3-780D-4979-A343-DE488DCF700F}.Debug|x86.ActiveCfg = Debug|Any CPU
		{B8A9DFF3-780D-4979-A343-DE488DCF700F}.Debug|x86.Build.0 = Debug|Any CPU
		{B8A9DFF3-780D-4979-A343-DE488DCF700F}.Release|Any CPU.ActiveCfg = Release|Any CPU
		{B8A9DFF3-780D-4979-A343-DE488DCF700F}.Release|Any CPU.Build.0 = Release|Any CPU
		{B8A9DFF3-780D-4979-A343-DE488DCF700F}.Release|x64.ActiveCfg = Release|Any CPU
		{B8A9DFF3-780D-4979-A343-DE488DCF700F}.Release|x64.Build.0 = Release|Any CPU
		{B8A9DFF3-780D-4979-A343-DE488DCF700F}.Release|x86.ActiveCfg = Release|Any CPU
		{B8A9DFF3-780D-4979-A343-DE488DCF700F}.Release|x86.Build.0 = Release|Any CPU
	EndGlobalSection
	GlobalSection(SolutionProperties) = preSolution
		HideSolutionNode = FALSE
	EndGlobalSection
	GlobalSection(NestedProjects) = preSolution
		{D1BC0FC0-0090-47D2-86C9-F10F20BEF02D} = {827E0CD3-B72D-47B6-A68D-7590B98EB39B}
		{09F3F052-B1A9-4AB3-8757-DF201F48A3B1} = {827E0CD3-B72D-47B6-A68D-7590B98EB39B}
		{BB54D0F4-62E3-4069-8C2C-7354068D8B82} = {827E0CD3-B72D-47B6-A68D-7590B98EB39B}
		{66BC9C74-B1E3-4741-9F15-62735B802CFD} = {827E0CD3-B72D-47B6-A68D-7590B98EB39B}
		{FBD5295B-57FC-46FC-8C62-9E19786464CB} = {0AB3BF05-4346-4AA6-1389-037BE0695223}
		{B8A9DFF3-780D-4979-A343-DE488DCF700F} = {0AB3BF05-4346-4AA6-1389-037BE0695223}
	EndGlobalSection
EndGlobal
